
Microsoft Visual Studio Solution File, Format Version 12.00
# Visual Studio Version 17
VisualStudioVersion = 17.2.32526.322
MinimumVisualStudioVersion = 10.0.40219.1
Project("{FAE04EC0-301F-11D3-BF4B-00C04F79EFBC}") = "Boutique_Management_System", "BMS\Boutique_Management_System.csproj", "{D7C77DC5-4CD7-43E9-92E4-B3B1358D3FEB}"
EndProject
Global
	GlobalSection(SolutionConfigurationPlatforms) = preSolution
		Debug|Any CPU = Debug|Any CPU
		Release|Any CPU = Release|Any CPU
	EndGlobalSection
	GlobalSection(ProjectConfigurationPlatforms) = postSolution
		{D7C77DC5-4CD7-43E9-92E4-B3B1358D3FEB}.Debug|Any CPU.ActiveCfg = Debug|Any CPU
		{D7C77DC5-4CD7-43E9-92E4-B3B1358D3FEB}.Debug|Any CPU.Build.0 = Debug|Any CPU
		{D7C77DC5-4CD7-43E9-92E4-B3B1358D3FEB}.Release|Any CPU.ActiveCfg = Release|Any CPU
		{D7C77DC5-4CD7-43E9-92E4-B3B1358D3FEB}.Release|Any CPU.Build.0 = Release|Any CPU
	EndGlobalSection
	GlobalSection(SolutionProperties) = preSolution
		HideSolutionNode = FALSE
	EndGlobalSection
	GlobalSection(ExtensibilityGlobals) = postSolution
		SolutionGuid = {B4B1DF42-972C-4045-8DA5-B096844148A6}
	EndGlobalSection
EndGlobal
